
Microsoft Visual Studio Solution File, Format Version 12.00
# Visual Studio 15
Project("{FAE04EC0-301F-11D3-BF4B-00C04F79EFBC}") = "UnityEngine.UI", "UnityEngine.UI.csproj", "{3AD2E35D-249C-4702-7415-4A592B9BA822}"
EndProject
Project("{FAE04EC0-301F-11D3-BF4B-00C04F79EFBC}") = "Assembly-CSharp", "Assembly-CSharp.csproj", "{6CA14358-9863-B386-5500-AA4C54EA9D88}"
EndProject
Project("{FAE04EC0-301F-11D3-BF4B-00C04F79EFBC}") = "UnityEditor.UI", "UnityEditor.UI.csproj", "{8F31B26B-532D-1DB1-C2A9-0F248276713D}"
EndProject
Global
	GlobalSection(SolutionConfigurationPlatforms) = preSolution
		Debug|Any CPU = Debug|Any CPU
		Release|Any CPU = Release|Any CPU
	EndGlobalSection
	GlobalSection(ProjectConfigurationPlatforms) = postSolution
		{3AD2E35D-249C-4702-7415-4A592B9BA822}.Debug|Any CPU.ActiveCfg = Debug|Any CPU
		{3AD2E35D-249C-4702-7415-4A592B9BA822}.Debug|Any CPU.Build.0 = Debug|Any CPU
		{3AD2E35D-249C-4702-7415-4A592B9BA822}.Release|Any CPU.ActiveCfg = Release|Any CPU
		{3AD2E35D-249C-4702-7415-4A592B9BA822}.Release|Any CPU.Build.0 = Release|Any CPU
		{6CA14358-9863-B386-5500-AA4C54EA9D88}.Debug|Any CPU.ActiveCfg = Debug|Any CPU
		{6CA14358-9863-B386-5500-AA4C54EA9D88}.Debug|Any CPU.Build.0 = Debug|Any CPU
		{6CA14358-9863-B386-5500-AA4C54EA9D88}.Release|Any CPU.ActiveCfg = Release|Any CPU
		{6CA14358-9863-B386-5500-AA4C54EA9D88}.Release|Any CPU.Build.0 = Release|Any CPU
		{8F31B26B-532D-1DB1-C2A9-0F248276713D}.Debug|Any CPU.ActiveCfg = Debug|Any CPU
		{8F31B26B-532D-1DB1-C2A9-0F248276713D}.Debug|Any CPU.Build.0 = Debug|Any CPU
		{8F31B26B-532D-1DB1-C2A9-0F248276713D}.Release|Any CPU.ActiveCfg = Release|Any CPU
		{8F31B26B-532D-1DB1-C2A9-0F248276713D}.Release|Any CPU.Build.0 = Release|Any CPU
	EndGlobalSection
	GlobalSection(SolutionProperties) = preSolution
		HideSolutionNode = FALSE
	EndGlobalSection
EndGlobal
